
Microsoft Visual Studio Solution File, Format Version 12.00
# Visual Studio Version 16
VisualStudioVersion = 16.0.31005.135
MinimumVisualStudioVersion = 10.0.40219.1
Project("{9A19103F-16F7-4668-BE54-9A1E7A4F7556}") = "ZionCodes.Core", "ZionCodes.Core\ZionCodes.Core.csproj", "{AF132E0C-A73E-4F5E-A384-1E634C6C8FF0}"
EndProject
Project("{FAE04EC0-301F-11D3-BF4B-00C04F79EFBC}") = "ZionCodes.Core.Tests.Unit", "ZionCodes.Core.Tests.Unit\ZionCodes.Core.Tests.Unit.csproj", "{D6091A1D-C302-4B12-969C-7811EFC84F85}"
EndProject
Global
	GlobalSection(SolutionConfigurationPlatforms) = preSolution
		Debug|Any CPU = Debug|Any CPU
		Release|Any CPU = Release|Any CPU
	EndGlobalSection
	GlobalSection(ProjectConfigurationPlatforms) = postSolution
		{AF132E0C-A73E-4F5E-A384-1E634C6C8FF0}.Debug|Any CPU.ActiveCfg = Debug|Any CPU
		{AF132E0C-A73E-4F5E-A384-1E634C6C8FF0}.Debug|Any CPU.Build.0 = Debug|Any CPU
		{AF132E0C-A73E-4F5E-A384-1E634C6C8FF0}.Release|Any CPU.ActiveCfg = Release|Any CPU
		{AF132E0C-A73E-4F5E-A384-1E634C6C8FF0}.Release|Any CPU.Build.0 = Release|Any CPU
		{D6091A1D-C302-4B12-969C-7811EFC84F85}.Debug|Any CPU.ActiveCfg = Debug|Any CPU
		{D6091A1D-C302-4B12-969C-7811EFC84F85}.Debug|Any CPU.Build.0 = Debug|Any CPU
		{D6091A1D-C302-4B12-969C-7811EFC84F85}.Release|Any CPU.ActiveCfg = Release|Any CPU
		{D6091A1D-C302-4B12-969C-7811EFC84F85}.Release|Any CPU.Build.0 = Release|Any CPU
	EndGlobalSection
	GlobalSection(SolutionProperties) = preSolution
		HideSolutionNode = FALSE
	EndGlobalSection
	GlobalSection(ExtensibilityGlobals) = postSolution
		SolutionGuid = {0C741C15-D1A9-4D1A-91FC-ED32D7625F39}
	EndGlobalSection
EndGlobal
